github.com/davecgh/go-spew v1.1.0 h1:ZDRjVQ15GmhC3fiQ8ni8+OwkZQO4DARzQgrnXU1Liz8=
github.com/davecgh/go-spew v1.1.0/go.mod h1:J7Y8YcW2NihsgmVo/mv3lAwl/skON4iLHjSsI+c5H38=
github.com/google/flatbuffers v1.11.0 h1:O7CEyB8Cb3/DmtxODGtLHcEvpr81Jm5qLg/hsHnxA2A=
github.com/google/flatbuffers v1.11.0/go.mod h1:1AeVuKshWv4vARoZatz6mlQ0JxURH0Kv5+zNeJKJCa8=
github.com/google/go-cmp v0.5.7 h1:81/ik6ipDQS2aGcBfIN5dHDB36BwrStyeAQquSYCV4o=
github.com/google/go-cmp v0.5.7/go.mod h1:n+brtR0CgQNWTVd5ZUFpTBC8YFBDLK/h/bpaJ8/DtOE=
github.com/google/go-querystring v1.0.0 h1:Xkwi/a1rcvNg1PPYe5vI8GbeBY/jrVuDX5ASuANWTrk=
github.com/google/go-querystring v1.0.0/go.mod h1:odCYkC5MyYFN7vkCjXpyrEuKhc/BUO6wN/zVPAxq5ck=
github.com/gorilla/websocket v1.4.0 h1:WDFjx/TMzVgy9VdMMQi2K2Emtwi2QcUQsztZ/zLaH/Q=
github.com/gorilla/websocket v1.4.0/go.mod h1:E7qHFY5m1UJ88s3WnNqhKjPHQ0heANvMoAMk2YaljkQ=
github.com/json-iterator/go v1.1.6 h1:MrUvLMLTMxbqFJ9kzlvat/rYZqZnW3u4wkLzWTaFwKs=
github.com/json-iterator/go v1.1.6/go.mod h1:+SdeFBvtyEkXs7REEP0seUULqWtbJapLOCVDaaPEHmU=
github.com/modern-go/concurrent v0.0.0-20180306012644-bacd9c7ef1dd h1:TRLaZ9cD/w8PVh93nsPXa1VrQ6jlwL5oN8l14QlcNfg=
github.com/modern-go/concurrent v0.0.0-20180306012644-bacd9c7ef1dd/go.mod h1:6dJC0mAP4ikYIbvyc7fijjWJddQyLn8Ig3JB5CqoB9Q=
github.com/modern-go/reflect2 v1.0.1 h1:9f412s+6RmYXLWZSEzVVgPGK7C2PphHj5RJrvfx9AWI=
github.com/modern-go/reflect2 v1.0.1/go.mod h1:bx2lNnkwVCuqBIxFjflWJWanXIb3RllmbCylyMrvgv0=
github.com/pkg/errors v0.8.1 h1:iURUrRGxPUNPdy5/HRSm+Yj6okJ6UtLINN0Q9M4+h3I=
github.com/pkg/errors v0.8.1/go.mod h1:bwawxfHBFNV+L2hUp1rHADufV3IMtnDRdf1r5NINEl0=
github.com/pmezard/go-difflib v1.0.0 h1:4DBwDE0NGyQoBHbLQYPwSUPoCMWR5BEzIk/f1lZbAQM=
github.com/pmezard/go-difflib v1.0.0/go.mod h1:iKH77koFhYxTK1pcRnkKkqfTogsbg7gZNVY4sRDYZ/4=
github.com/proximax-storage/go-xpx-crypto v0.0.0-20191023142918-e02e2652d78e h1:ncxM4ZtmYP+QsHKFcL/YDQX3X3IwntYzEH/29TzMiTQ=
github.com/proximax-storage/go-xpx-crypto v0.0.0-20191023142918-e02e2652d78e/go.mod h1:gYfWQWh8qBihxxPhZeYrvLWC21RG+Dmv4FgHpFfpAzs=
github.com/proximax-storage/go-xpx-crypto v0.1.1-0.20210720104427-7708eaa0c671 h1:OiqIKlEIoP8aMm6kSzVAr/EJlvPjoRGu+kznd7mdjJE=
github.com/proximax-storage/go-xpx-crypto v0.1.1-0.20210720104427-7708eaa0c671/go.mod h1:go95DyDrDgNL/Ow24Uqmfq1AtodU2ZUtTnXex98iuSY=
github.com/proximax-storage/go-xpx-crypto v0.1.1-0.20210720113310-916145a4c25f h1:cINWq316GxnsKDAtt0VZitfsoNp+5F5Uct3l4zWUxKE=
github.com/proximax-storage/go-xpx-crypto v0.1.1-0.20210720113310-916145a4c25f/go.mod h1:go95DyDrDgNL/Ow24Uqmfq1AtodU2ZUtTnXex98iuSY=
github.com/proximax-storage/go-xpx-crypto v0.1.1-0.20210720145703-31b220b92ba4 h1:XtjngIfpUz/3Ov46LBw2u7l0hv2TBvktnZL2qwjxSxw=
github.com/proximax-storage/go-xpx-crypto v0.1.1-0.20210720145703-31b220b92ba4/go.mod h1:go95DyDrDgNL/Ow24Uqmfq1AtodU2ZUtTnXex98iuSY=
github.com/proximax-storage/go-xpx-crypto v0.1.1-0.20210720163101-c1ee5dadf4e0 h1:qS2WKlcrJf5OJsk7nadHOTDaG2a0tfB+JQo0GYrI+FU=
github.com/proximax-storage/go-xpx-crypto v0.1.1-0.20210720163101-c1ee5dadf4e0/go.mod h1:go95DyDrDgNL/Ow24Uqmfq1AtodU2ZUtTnXex98iuSY=
github.com/proximax-storage/go-xpx-crypto v0.1.1-0.20210721132521-9d6f08d6dbe5 h1:xK7BxF4L50wDR+sEHWtcYL8NDFJ+wjnuoOfOraVdF/g=
github.com/proximax-storage/go-xpx-crypto v0.1.1-0.20210721132521-9d6f08d6dbe5/go.mod h1:go95DyDrDgNL/Ow24Uqmfq1AtodU2ZUtTnXex98iuSY=
github.com/proximax-storage/go-xpx-crypto v0.1.1-0.20210721152348-b17c1685dd92 h1:weHRvhKN9ON2Kl1CVOjBQ2RdCkuTTpbqgze5kDOy02s=
github.com/proximax-storage/go-xpx-crypto v0.1.1-0.20210721152348-b17c1685dd92/go.mod h1:go95DyDrDgNL/Ow24Uqmfq1AtodU2ZUtTnXex98iuSY=
github.com/proximax-storage/go-xpx-crypto v0.1.1-0.20211214163320-5095ba8b3285 h1:kUnnQYisAkRhmthB6Pa3oNgP0PYC2ncRUfEHvWd1uxE=
github.com/proximax-storage/go-xpx-crypto v0.1.1-0.20211214163320-5095ba8b3285/go.mod h1:go95DyDrDgNL/Ow24Uqmfq1AtodU2ZUtTnXex98iuSY=
github.com/proximax-storage/go-xpx-crypto v0.1.1-0.20220103144212-b777fcab7e7e h1:VwHxUephuLzLYuGb2p36vt8YX5muBJ+IMDaRJJ+97Uc=
github.com/proximax-storage/go-xpx-crypto v0.1.1-0.20220103144212-b777fcab7e7e/go.mod h1:go95DyDrDgNL/Ow24Uqmfq1AtodU2ZUtTnXex98iuSY=
github.com/proximax-storage/go-xpx-crypto v0.1.1-0.20220103152140-df59580be464 h1:rNPPdsotEtMzOA1+xVh7/WQumPDeeiUGr84RWrDMwA8=
github.com/proximax-storage/go-xpx-crypto v0.1.1-0.20220103152140-df59580be464/go.mod h1:go95DyDrDgNL/Ow24Uqmfq1AtodU2ZUtTnXex98iuSY=
github.com/proximax-storage/go-xpx-crypto v0.1.1-0.20220406155341-0df734c74573 h1:p8O4sZY461LHZG04mTCsOtofCETKtW9tWOYE06uSqZc=
github.com/proximax-storage/go-xpx-crypto v0.1.1-0.20220406155341-0df734c74573/go.mod h1:go95DyDrDgNL/Ow24Uqmfq1AtodU2ZUtTnXex98iuSY=
github.com/proximax-storage/go-xpx-utils v0.0.0-20190604083640-90d06ff8a19f h1:/ll8hQJ1jfDreLorR4U1Vn6Z6UL8r+pd8mv4mYq7RUY=
github.com/proximax-storage/go-xpx-utils v0.0.0-20190604083640-90d06ff8a19f/go.mod h1:++1dcQ6EiUK6Yqi5al5OO3QXZPR1y9mX03e5O2qawEw=
github.com/stretchr/objx v0.1.0 h1:4G4v2dO3VZwixGIRoQ5Lfboy6nUhCyYzaqnIAPPhYs4=
github.com/stretchr/objx v0.1.0/go.mod h1:HFkY916IF+rwdDfMAkV7OtwuqBVzrE8GR6GFx+wExME=
github.com/stretchr/testify v1.3.0 h1:TivCn/peBQ7UY8ooIcPgZFpTNSz0Q2U6UrFlUfqbe0Q=
github.com/stretchr/testify v1.3.0/go.mod h1:M5WIy9Dh21IEIfnGCwXGc5bZfKNJtfHm1UVUgZn+9EI=
github.com/supranational/blst v0.3.4 h1:iZE9lBMoywK2uy2U/5hDOvobQk9FnOQ2wNlu9GmRCoA=
github.com/supranational/blst v0.3.4/go.mod h1:jZJtfjgudtNl4en1tzwPIV3KjUnQUvG3/j+w+fVonLw=
go.uber.org/atomic v1.3.2/go.mod h1:gD2HeocX3+yG+ygLZcrzQJaqmWj9AIm7n08wl/qW/PE=
go.uber.org/multierr v1.1.0/go.mod h1:wR5kodmAFQ0UK8QlbwjlSNy0Z68gJhDJUG5sjR94q/0=
go.uber.org/zap v1.9.1/go.mod h1:vwi/ZaCAaUcBkycHslxD9B2zi4UTXhF60s6SWpuDF0Q=
golang.org/x/crypto v0.0.0-20190308221718-c2843e01d9a2/go.mod h1:djNgcEr1/C05ACkg1iLfiJU5Ep61QUkGW8qpdssI0+w=
golang.org/x/crypto v0.0.0-20190513172903-22d7a77e9e5f h1:R423Cnkcp5JABoeemiGEPlt9tHXFfw5kvc0yqlxRPWo=
golang.org/x/crypto v0.0.0-20190513172903-22d7a77e9e5f/go.mod h1:yigFU9vqHzYiE8UmvKecakEJjdnWj3jj499lnFckfCI=
golang.org/x/net v0.0.0-20190404232315-eb5bcb51f2a3 h1:0GoQqolDA55aaLxZyTzK/Y2ePZzZTUrRacwib7cNsYQ=
golang.org/x/net v0.0.0-20190404232315-eb5bcb51f2a3/go.mod h1:t9HGtf8HONx5eT2rtn7q6eTqICYqUVnKs3thJo3Qplg=
golang.org/x/sys v0.0.0-20190215142949-d0b11bdaac8a h1:1BGLXjeY4akVXGgbC9HugT3Jv3hCI0z56oJR5vAMgBU=
golang.org/x/sys v0.0.0-20190215142949-d0b11bdaac8a/go.mod h1:STP8DvDyc/dI5b8T5hshtkjS+E42TnysNCUPdjciGhY=
golang.org/x/sys v0.0.0-20190412213103-97732733099d h1:+R4KGOnez64A81RvjARKc4UT5/tI9ujCIVX+P5KiHuI=
golang.org/x/sys v0.0.0-20190412213103-97732733099d/go.mod h1:h1NjWce9XRLGQEsW7wpKNCjG9DtNlClVuFLEZdDNbEs=
golang.org/x/text v0.3.0 h1:g61tztE5qeGQ89tm6NTjjM9VPIm088od1l6aSorWRWg=
golang.org/x/text v0.3.0/go.mod h1:NqM8EUOU14njkJ3fqMW+pc6Ldnwhi/IjpwHt7yyuwOQ=
golang.org/x/xerrors v0.0.0-20191204190536-9bdfabe68543/go.mod h1:I/5z698sn9Ka8TeJc9MKroUUfqBBauWjQqLJ2OPfmY0=
